# This lock file was generated by Poetry 1.8.x
# It pins the exact reproduction case from SCA-5540:
#   pdfminer.six 20251230  — calendar versioned, no dots in version segment
#   pdfplumber   0.11.4    — direct dep that pulls pdfminer.six transitively

lock-version = "2.0"
python-versions = "^3.11"
content-hash = "sha256:poetry_calendar_version_whl_lockfile_sca5540"

[[package]]
name = "pdfminer-six"
version = "20251230"
description = "PDF parser and analyzer"
optional = false
python-versions = ">=3.8"
files = [
    {file = "pdfminer.six-20251230-py3-none-any.whl", hash = "sha256:0000000000000000000000000000000000000000000000000000000000000001"},
    {file = "pdfminer.six-20251230.tar.gz", hash = "sha256:0000000000000000000000000000000000000000000000000000000000000002"},
]

[package.dependencies]
cryptography = ">=36.0.0"
charset-normalizer = ">=2.0.0"

[[package]]
name = "pdfplumber"
version = "0.11.4"
description = "Plumb a PDF for detailed information about each char, rectangle, line, et cetera — and easily extract text and tables."
optional = false
python-versions = ">=3.8"
files = [
    {file = "pdfplumber-0.11.4-py3-none-any.whl", hash = "sha256:0000000000000000000000000000000000000000000000000000000000000003"},
    {file = "pdfplumber-0.11.4.tar.gz", hash = "sha256:0000000000000000000000000000000000000000000000000000000000000004"},
]

[package.dependencies]
"pdfminer.six" = "20251230"
pillow = ">=9.1"

[[package]]
name = "pillow"
version = "11.2.1"
description = "Python Imaging Library (Fork)"
optional = false
python-versions = ">=3.9"
files = [
    {file = "pillow-11.2.1-cp311-cp311-manylinux_2_28_x86_64.whl", hash = "sha256:0000000000000000000000000000000000000000000000000000000000000005"},
    {file = "pillow-11.2.1.tar.gz", hash = "sha256:0000000000000000000000000000000000000000000000000000000000000006"},
]

[[package]]
name = "charset-normalizer"
version = "3.4.1"
description = "The Real First Universal Charset Detector. Open, modern and actively maintained alternative to Chardet."
optional = false
python-versions = ">=3.7"
files = [
    {file = "charset_normalizer-3.4.1-py3-none-any.whl", hash = "sha256:0000000000000000000000000000000000000000000000000000000000000007"},
    {file = "charset_normalizer-3.4.1.tar.gz", hash = "sha256:0000000000000000000000000000000000000000000000000000000000000008"},
]

[[package]]
name = "cryptography"
version = "44.0.3"
description = "cryptography is a package which provides cryptographic recipes and primitives to Python developers."
optional = false
python-versions = "!=3.9.0,!=3.9.1,>=3.7"
files = [
    {file = "cryptography-44.0.3-cp311-cp311-manylinux_2_28_x86_64.whl", hash = "sha256:0000000000000000000000000000000000000000000000000000000000000009"},
    {file = "cryptography-44.0.3.tar.gz", hash = "sha256:000000000000000000000000000000000000000000000000000000000000000a"},
]

[package.dependencies]
cffi = ">=1.12"

[[package]]
name = "cffi"
version = "1.17.1"
description = "Foreign Function Interface for Python calling C code."
optional = false
python-versions = ">=3.8"
files = [
    {file = "cffi-1.17.1-cp311-cp311-manylinux_2_17_x86_64.manylinux2014_x86_64.whl", hash = "sha256:000000000000000000000000000000000000000000000000000000000000000b"},
    {file = "cffi-1.17.1.tar.gz", hash = "sha256:000000000000000000000000000000000000000000000000000000000000000c"},
]

[package.dependencies]
pycparser = "*"

[[package]]
name = "pycparser"
version = "2.22"
description = "C parser in Python"
optional = false
python-versions = ">=3.8"
files = [
    {file = "pycparser-2.22-py3-none-any.whl", hash = "sha256:000000000000000000000000000000000000000000000000000000000000000d"},
    {file = "pycparser-2.22.tar.gz", hash = "sha256:000000000000000000000000000000000000000000000000000000000000000e"},
]
